
Microsoft Visual Studio Solution File, Format Version 12.00
# Visual Studio Version 16
VisualStudioVersion = 16.0.30717.126
MinimumVisualStudioVersion = 10.0.40219.1
Project("{8BC9CEB8-8B4A-11D0-8D11-00A0C91BC942}") = "Sophuc", "Sophuc\Sophuc.vcxproj", "{42909650-2289-43E5-9A3C-65E827DA7E6B}"
EndProject
Project("{2150E333-8FDC-42A3-9474-1A3956D46DE8}") = "Solution Items", "Solution Items", "{6EDCAEA0-2E4B-43CD-93E9-A551FF28F71D}"
EndProject
Project("{8BC9CEB8-8B4A-11D0-8D11-00A0C91BC942}") = "Phanso", "Phanso 1\Phanso 1.vcxproj", "{BDE6D873-CDFB-4201-AC66-2AA68E9E4ED2}"
EndProject
Project("{8BC9CEB8-8B4A-11D0-8D11-00A0C91BC942}") = "Hinhtron", "Hinhtron\Hinhtron.vcxproj", "{2A67FEF9-A9A4-467E-9B19-1DB61E6AF2F5}"
EndProject
Project("{8BC9CEB8-8B4A-11D0-8D11-00A0C91BC942}") = "Tamgiac", "Tamgiac\Tamgiac.vcxproj", "{D6EF1D2C-51BE-4D8A-861A-6E3B2AC6854F}"
EndProject
Project("{8BC9CEB8-8B4A-11D0-8D11-00A0C91BC942}") = "Dagiac", "Dagiac\Dagiac.vcxproj", "{D88EF2CF-7331-4D44-A106-3CBAB6F7FBE6}"
EndProject
Project("{8BC9CEB8-8B4A-11D0-8D11-00A0C91BC942}") = "Dathuc-Internet", "Dathuc-Internet\Dathuc-Internet.vcxproj", "{26782980-C8E5-4680-8543-57EB0552C573}"
EndProject
Project("{8BC9CEB8-8B4A-11D0-8D11-00A0C91BC942}") = "Dathuc", "Dathuc\Dathuc.vcxproj", "{6D30E727-D9F4-4C3E-BC62-A5891684A6EC}"
EndProject
Project("{8BC9CEB8-8B4A-11D0-8D11-00A0C91BC942}") = "Matran operator", "Matran\Matran.vcxproj", "{42931B2A-BAC3-40E7-903E-ABDB2655D47B}"
EndProject
Project("{8BC9CEB8-8B4A-11D0-8D11-00A0C91BC942}") = "Vector", "Vetto\Vetto.vcxproj", "{E8B07FA3-D3A6-4E4F-866C-CCB29E18A225}"
EndProject
Project("{8BC9CEB8-8B4A-11D0-8D11-00A0C91BC942}") = "Thuvien", "Thuvien\Thuvien.vcxproj", "{55FA30E3-30CD-4C53-894A-72CE5F356BD1}"
EndProject
Project("{8BC9CEB8-8B4A-11D0-8D11-00A0C91BC942}") = "Matran-MangDong", "Matran-MangDong\Matran-MangDong.vcxproj", "{230270BF-8C1F-4F4E-86A3-CA18764B9C7F}"
EndProject
Project("{8BC9CEB8-8B4A-11D0-8D11-00A0C91BC942}") = "People", "People\People.vcxproj", "{83B1C0EC-6432-4503-9D5C-635982B3151E}"
EndProject
Project("{8BC9CEB8-8B4A-11D0-8D11-00A0C91BC942}") = "Ellipse-Hinhtron", "Ellipse-Hinhtron\Ellipse-Hinhtron.vcxproj", "{B2AE614B-92B0-4879-A4D3-F53EF2291C17}"
EndProject
Project("{8BC9CEB8-8B4A-11D0-8D11-00A0C91BC942}") = "Dagiac-Tamgiac_Ke thua", "Dagiac-Tamgiac_Ke thua\Dagiac-Tamgiac_Ke thua.vcxproj", "{C9AC434E-C906-429F-8D60-541CAD92BA4A}"
EndProject
Project("{8BC9CEB8-8B4A-11D0-8D11-00A0C91BC942}") = "Test pointer", "Test pointer\Test pointer.vcxproj", "{AE9FB940-AA86-4756-969D-1DEA7CEE3B45}"
EndProject
Project("{8BC9CEB8-8B4A-11D0-8D11-00A0C91BC942}") = "Nhanvien", "Nhanvien\Nhanvien.vcxproj", "{C30F7F10-D4FB-470A-AE05-0EF5DB237760}"
EndProject
Project("{8BC9CEB8-8B4A-11D0-8D11-00A0C91BC942}") = "Congviec", "Congviec\Congviec.vcxproj", "{350C40BB-84DB-4372-9B16-D09FB1F2E044}"
EndProject
Project("{8BC9CEB8-8B4A-11D0-8D11-00A0C91BC942}") = "Tugiacdacbiet", "Tugiacdacbiet\Tugiacdacbiet.vcxproj", "{53AF4EF0-A5F4-4F57-AD9E-803C7B6040E1}"
EndProject
Project("{8BC9CEB8-8B4A-11D0-8D11-00A0C91BC942}") = "Thuvien - Kethua", "Thuvien - Kethua\Thuvien - Kethua.vcxproj", "{0CDC1A49-3278-4F89-BC09-B853E21B92DC}"
EndProject
Project("{8BC9CEB8-8B4A-11D0-8D11-00A0C91BC942}") = "ChịNgoc", "ChịNgoc\ChịNgoc.vcxproj", "{95A73183-6A63-41AD-9852-C96DA79214E7}"
EndProject
Project("{8BC9CEB8-8B4A-11D0-8D11-00A0C91BC942}") = "PeopleDuc", "PeopleDuc\PeopleDuc.vcxproj", "{68211C88-6746-4049-815B-2A3068D883D7}"
EndProject
Project("{8BC9CEB8-8B4A-11D0-8D11-00A0C91BC942}") = "Dagiac-Duy", "Dagiac-Duy\Dagiac-Duy.vcxproj", "{227BD3A9-FA41-4AFC-86C3-CDCACF47F470}"
EndProject
Project("{8BC9CEB8-8B4A-11D0-8D11-00A0C91BC942}") = "A Vinh", "A Vinh\A Vinh.vcxproj", "{0FC9E692-32F3-4346-B4EA-79B9DFAEFC1B}"
EndProject
Project("{8BC9CEB8-8B4A-11D0-8D11-00A0C91BC942}") = "Test operator", "Test operator\Test operator.vcxproj", "{8CCF2597-9EED-4631-BA74-9622ADEDFCE8}"
EndProject
Project("{8BC9CEB8-8B4A-11D0-8D11-00A0C91BC942}") = "test operator++", "test operator++\test operator++.vcxproj", "{4849A711-1C5D-4E91-A4D5-9B49A39705DC}"
EndProject
Project("{8BC9CEB8-8B4A-11D0-8D11-00A0C91BC942}") = "NhomMau", "NhomMau\NhomMau.vcxproj", "{0D03E30E-8C49-425B-B9CE-A961B567157C}"
EndProject
Global
	GlobalSection(SolutionConfigurationPlatforms) = preSolution
		Debug|x64 = Debug|x64
		Debug|x86 = Debug|x86
		Release|x64 = Release|x64
		Release|x86 = Release|x86
	EndGlobalSection
	GlobalSection(ProjectConfigurationPlatforms) = postSolution
		{42909650-2289-43E5-9A3C-65E827DA7E6B}.Debug|x64.ActiveCfg = Debug|x64
		{42909650-2289-43E5-9A3C-65E827DA7E6B}.Debug|x64.Build.0 = Debug|x64
		{42909650-2289-43E5-9A3C-65E827DA7E6B}.Debug|x86.ActiveCfg = Debug|Win32
		{42909650-2289-43E5-9A3C-65E827DA7E6B}.Debug|x86.Build.0 = Debug|Win32
		{42909650-2289-43E5-9A3C-65E827DA7E6B}.Release|x64.ActiveCfg = Release|x64
		{42909650-2289-43E5-9A3C-65E827DA7E6B}.Release|x64.Build.0 = Release|x64
		{42909650-2289-43E5-9A3C-65E827DA7E6B}.Release|x86.ActiveCfg = Release|Win32
		{42909650-2289-43E5-9A3C-65E827DA7E6B}.Release|x86.Build.0 = Release|Win32
		{BDE6D873-CDFB-4201-AC66-2AA68E9E4ED2}.Debug|x64.ActiveCfg = Debug|x64
		{BDE6D873-CDFB-4201-AC66-2AA68E9E4ED2}.Debug|x64.Build.0 = Debug|x64
		{BDE6D873-CDFB-4201-AC66-2AA68E9E4ED2}.Debug|x86.ActiveCfg = Debug|Win32
		{BDE6D873-CDFB-4201-AC66-2AA68E9E4ED2}.Debug|x86.Build.0 = Debug|Win32
		{BDE6D873-CDFB-4201-AC66-2AA68E9E4ED2}.Release|x64.ActiveCfg = Release|x64
		{BDE6D873-CDFB-4201-AC66-2AA68E9E4ED2}.Release|x64.Build.0 = Release|x64
		{BDE6D873-CDFB-4201-AC66-2AA68E9E4ED2}.Release|x86.ActiveCfg = Release|Win32
		{BDE6D873-CDFB-4201-AC66-2AA68E9E4ED2}.Release|x86.Build.0 = Release|Win32
		{2A67FEF9-A9A4-467E-9B19-1DB61E6AF2F5}.Debug|x64.ActiveCfg = Debug|x64
		{2A67FEF9-A9A4-467E-9B19-1DB61E6AF2F5}.Debug|x64.Build.0 = Debug|x64
		{2A67FEF9-A9A4-467E-9B19-1DB61E6AF2F5}.Debug|x86.ActiveCfg = Debug|Win32
		{2A67FEF9-A9A4-467E-9B19-1DB61E6AF2F5}.Debug|x86.Build.0 = Debug|Win32
		{2A67FEF9-A9A4-467E-9B19-1DB61E6AF2F5}.Release|x64.ActiveCfg = Release|x64
		{2A67FEF9-A9A4-467E-9B19-1DB61E6AF2F5}.Release|x64.Build.0 = Release|x64
		{2A67FEF9-A9A4-467E-9B19-1DB61E6AF2F5}.Release|x86.ActiveCfg = Release|Win32
		{2A67FEF9-A9A4-467E-9B19-1DB61E6AF2F5}.Release|x86.Build.0 = Release|Win32
		{D6EF1D2C-51BE-4D8A-861A-6E3B2AC6854F}.Debug|x64.ActiveCfg = Debug|x64
		{D6EF1D2C-51BE-4D8A-861A-6E3B2AC6854F}.Debug|x64.Build.0 = Debug|x64
		{D6EF1D2C-51BE-4D8A-861A-6E3B2AC6854F}.Debug|x86.ActiveCfg = Debug|Win32
		{D6EF1D2C-51BE-4D8A-861A-6E3B2AC6854F}.Debug|x86.Build.0 = Debug|Win32
		{D6EF1D2C-51BE-4D8A-861A-6E3B2AC6854F}.Release|x64.ActiveCfg = Release|x64
		{D6EF1D2C-51BE-4D8A-861A-6E3B2AC6854F}.Release|x64.Build.0 = Release|x64
		{D6EF1D2C-51BE-4D8A-861A-6E3B2AC6854F}.Release|x86.ActiveCfg = Release|Win32
		{D6EF1D2C-51BE-4D8A-861A-6E3B2AC6854F}.Release|x86.Build.0 = Release|Win32
		{D88EF2CF-7331-4D44-A106-3CBAB6F7FBE6}.Debug|x64.ActiveCfg = Debug|x64
		{D88EF2CF-7331-4D44-A106-3CBAB6F7FBE6}.Debug|x64.Build.0 = Debug|x64
		{D88EF2CF-7331-4D44-A106-3CBAB6F7FBE6}.Debug|x86.ActiveCfg = Debug|Win32
		{D88EF2CF-7331-4D44-A106-3CBAB6F7FBE6}.Debug|x86.Build.0 = Debug|Win32
		{D88EF2CF-7331-4D44-A106-3CBAB6F7FBE6}.Release|x64.ActiveCfg = Release|x64
		{D88EF2CF-7331-4D44-A106-3CBAB6F7FBE6}.Release|x64.Build.0 = Release|x64
		{D88EF2CF-7331-4D44-A106-3CBAB6F7FBE6}.Release|x86.ActiveCfg = Release|Win32
		{D88EF2CF-7331-4D44-A106-3CBAB6F7FBE6}.Release|x86.Build.0 = Release|Win32
		{26782980-C8E5-4680-8543-57EB0552C573}.Debug|x64.ActiveCfg = Debug|x64
		{26782980-C8E5-4680-8543-57EB0552C573}.Debug|x64.Build.0 = Debug|x64
		{26782980-C8E5-4680-8543-57EB0552C573}.Debug|x86.ActiveCfg = Debug|Win32
		{26782980-C8E5-4680-8543-57EB0552C573}.Debug|x86.Build.0 = Debug|Win32
		{26782980-C8E5-4680-8543-57EB0552C573}.Release|x64.ActiveCfg = Release|x64
		{26782980-C8E5-4680-8543-57EB0552C573}.Release|x64.Build.0 = Release|x64
		{26782980-C8E5-4680-8543-57EB0552C573}.Release|x86.ActiveCfg = Release|Win32
		{26782980-C8E5-4680-8543-57EB0552C573}.Release|x86.Build.0 = Release|Win32
		{6D30E727-D9F4-4C3E-BC62-A5891684A6EC}.Debug|x64.ActiveCfg = Debug|x64
		{6D30E727-D9F4-4C3E-BC62-A5891684A6EC}.Debug|x64.Build.0 = Debug|x64
		{6D30E727-D9F4-4C3E-BC62-A5891684A6EC}.Debug|x86.ActiveCfg = Debug|Win32
		{6D30E727-D9F4-4C3E-BC62-A5891684A6EC}.Debug|x86.Build.0 = Debug|Win32
		{6D30E727-D9F4-4C3E-BC62-A5891684A6EC}.Release|x64.ActiveCfg = Release|x64
		{6D30E727-D9F4-4C3E-BC62-A5891684A6EC}.Release|x64.Build.0 = Release|x64
		{6D30E727-D9F4-4C3E-BC62-A5891684A6EC}.Release|x86.ActiveCfg = Release|Win32
		{6D30E727-D9F4-4C3E-BC62-A5891684A6EC}.Release|x86.Build.0 = Release|Win32
		{42931B2A-BAC3-40E7-903E-ABDB2655D47B}.Debug|x64.ActiveCfg = Debug|x64
		{42931B2A-BAC3-40E7-903E-ABDB2655D47B}.Debug|x64.Build.0 = Debug|x64
		{42931B2A-BAC3-40E7-903E-ABDB2655D47B}.Debug|x86.ActiveCfg = Debug|Win32
		{42931B2A-BAC3-40E7-903E-ABDB2655D47B}.Debug|x86.Build.0 = Debug|Win32
		{42931B2A-BAC3-40E7-903E-ABDB2655D47B}.Release|x64.ActiveCfg = Release|x64
		{42931B2A-BAC3-40E7-903E-ABDB2655D47B}.Release|x64.Build.0 = Release|x64
		{42931B2A-BAC3-40E7-903E-ABDB2655D47B}.Release|x86.ActiveCfg = Release|Win32
		{42931B2A-BAC3-40E7-903E-ABDB2655D47B}.Release|x86.Build.0 = Release|Win32
		{E8B07FA3-D3A6-4E4F-866C-CCB29E18A225}.Debug|x64.ActiveCfg = Debug|x64
		{E8B07FA3-D3A6-4E4F-866C-CCB29E18A225}.Debug|x64.Build.0 = Debug|x64
		{E8B07FA3-D3A6-4E4F-866C-CCB29E18A225}.Debug|x86.ActiveCfg = Debug|Win32
		{E8B07FA3-D3A6-4E4F-866C-CCB29E18A225}.Debug|x86.Build.0 = Debug|Win32
		{E8B07FA3-D3A6-4E4F-866C-CCB29E18A225}.Release|x64.ActiveCfg = Release|x64
		{E8B07FA3-D3A6-4E4F-866C-CCB29E18A225}.Release|x64.Build.0 = Release|x64
		{E8B07FA3-D3A6-4E4F-866C-CCB29E18A225}.Release|x86.ActiveCfg = Release|Win32
		{E8B07FA3-D3A6-4E4F-866C-CCB29E18A225}.Release|x86.Build.0 = Release|Win32
		{55FA30E3-30CD-4C53-894A-72CE5F356BD1}.Debug|x64.ActiveCfg = Debug|x64
		{55FA30E3-30CD-4C53-894A-72CE5F356BD1}.Debug|x64.Build.0 = Debug|x64
		{55FA30E3-30CD-4C53-894A-72CE5F356BD1}.Debug|x86.ActiveCfg = Debug|Win32
		{55FA30E3-30CD-4C53-894A-72CE5F356BD1}.Debug|x86.Build.0 = Debug|Win32
		{55FA30E3-30CD-4C53-894A-72CE5F356BD1}.Release|x64.ActiveCfg = Release|x64
		{55FA30E3-30CD-4C53-894A-72CE5F356BD1}.Release|x64.Build.0 = Release|x64
		{55FA30E3-30CD-4C53-894A-72CE5F356BD1}.Release|x86.ActiveCfg = Release|Win32
		{55FA30E3-30CD-4C53-894A-72CE5F356BD1}.Release|x86.Build.0 = Release|Win32
		{230270BF-8C1F-4F4E-86A3-CA18764B9C7F}.Debug|x64.ActiveCfg = Debug|x64
		{230270BF-8C1F-4F4E-86A3-CA18764B9C7F}.Debug|x64.Build.0 = Debug|x64
		{230270BF-8C1F-4F4E-86A3-CA18764B9C7F}.Debug|x86.ActiveCfg = Debug|Win32
		{230270BF-8C1F-4F4E-86A3-CA18764B9C7F}.Debug|x86.Build.0 = Debug|Win32
		{230270BF-8C1F-4F4E-86A3-CA18764B9C7F}.Release|x64.ActiveCfg = Release|x64
		{230270BF-8C1F-4F4E-86A3-CA18764B9C7F}.Release|x64.Build.0 = Release|x64
		{230270BF-8C1F-4F4E-86A3-CA18764B9C7F}.Release|x86.ActiveCfg = Release|Win32
		{230270BF-8C1F-4F4E-86A3-CA18764B9C7F}.Release|x86.Build.0 = Release|Win32
		{83B1C0EC-6432-4503-9D5C-635982B3151E}.Debug|x64.ActiveCfg = Debug|x64
		{83B1C0EC-6432-4503-9D5C-635982B3151E}.Debug|x64.Build.0 = Debug|x64
		{83B1C0EC-6432-4503-9D5C-635982B3151E}.Debug|x86.ActiveCfg = Debug|Win32
		{83B1C0EC-6432-4503-9D5C-635982B3151E}.Debug|x86.Build.0 = Debug|Win32
		{83B1C0EC-6432-4503-9D5C-635982B3151E}.Release|x64.ActiveCfg = Release|x64
		{83B1C0EC-6432-4503-9D5C-635982B3151E}.Release|x64.Build.0 = Release|x64
		{83B1C0EC-6432-4503-9D5C-635982B3151E}.Release|x86.ActiveCfg = Release|Win32
		{83B1C0EC-6432-4503-9D5C-635982B3151E}.Release|x86.Build.0 = Release|Win32
		{B2AE614B-92B0-4879-A4D3-F53EF2291C17}.Debug|x64.ActiveCfg = Debug|x64
		{B2AE614B-92B0-4879-A4D3-F53EF2291C17}.Debug|x64.Build.0 = Debug|x64
		{B2AE614B-92B0-4879-A4D3-F53EF2291C17}.Debug|x86.ActiveCfg = Debug|Win32
		{B2AE614B-92B0-4879-A4D3-F53EF2291C17}.Debug|x86.Build.0 = Debug|Win32
		{B2AE614B-92B0-4879-A4D3-F53EF2291C17}.Release|x64.ActiveCfg = Release|x64
		{B2AE614B-92B0-4879-A4D3-F53EF2291C17}.Release|x64.Build.0 = Release|x64
		{B2AE614B-92B0-4879-A4D3-F53EF2291C17}.Release|x86.ActiveCfg = Release|Win32
		{B2AE614B-92B0-4879-A4D3-F53EF2291C17}.Release|x86.Build.0 = Release|Win32
		{C9AC434E-C906-429F-8D60-541CAD92BA4A}.Debug|x64.ActiveCfg = Debug|x64
		{C9AC434E-C906-429F-8D60-541CAD92BA4A}.Debug|x64.Build.0 = Debug|x64
		{C9AC434E-C906-429F-8D60-541CAD92BA4A}.Debug|x86.ActiveCfg = Debug|Win32
		{C9AC434E-C906-429F-8D60-541CAD92BA4A}.Debug|x86.Build.0 = Debug|Win32
		{C9AC434E-C906-429F-8D60-541CAD92BA4A}.Release|x64.ActiveCfg = Release|x64
		{C9AC434E-C906-429F-8D60-541CAD92BA4A}.Release|x64.Build.0 = Release|x64
		{C9AC434E-C906-429F-8D60-541CAD92BA4A}.Release|x86.ActiveCfg = Release|Win32
		{C9AC434E-C906-429F-8D60-541CAD92BA4A}.Release|x86.Build.0 = Release|Win32
		{AE9FB940-AA86-4756-969D-1DEA7CEE3B45}.Debug|x64.ActiveCfg = Debug|x64
		{AE9FB940-AA86-4756-969D-1DEA7CEE3B45}.Debug|x64.Build.0 = Debug|x64
		{AE9FB940-AA86-4756-969D-1DEA7CEE3B45}.Debug|x86.ActiveCfg = Debug|Win32
		{AE9FB940-AA86-4756-969D-1DEA7CEE3B45}.Debug|x86.Build.0 = Debug|Win32
		{AE9FB940-AA86-4756-969D-1DEA7CEE3B45}.Release|x64.ActiveCfg = Release|x64
		{AE9FB940-AA86-4756-969D-1DEA7CEE3B45}.Release|x64.Build.0 = Release|x64
		{AE9FB940-AA86-4756-969D-1DEA7CEE3B45}.Release|x86.ActiveCfg = Release|Win32
		{AE9FB940-AA86-4756-969D-1DEA7CEE3B45}.Release|x86.Build.0 = Release|Win32
		{C30F7F10-D4FB-470A-AE05-0EF5DB237760}.Debug|x64.ActiveCfg = Debug|x64
		{C30F7F10-D4FB-470A-AE05-0EF5DB237760}.Debug|x64.Build.0 = Debug|x64
		{C30F7F10-D4FB-470A-AE05-0EF5DB237760}.Debug|x86.ActiveCfg = Debug|Win32
		{C30F7F10-D4FB-470A-AE05-0EF5DB237760}.Debug|x86.Build.0 = Debug|Win32
		{C30F7F10-D4FB-470A-AE05-0EF5DB237760}.Release|x64.ActiveCfg = Release|x64
		{C30F7F10-D4FB-470A-AE05-0EF5DB237760}.Release|x64.Build.0 = Release|x64
		{C30F7F10-D4FB-470A-AE05-0EF5DB237760}.Release|x86.ActiveCfg = Release|Win32
		{C30F7F10-D4FB-470A-AE05-0EF5DB237760}.Release|x86.Build.0 = Release|Win32
		{350C40BB-84DB-4372-9B16-D09FB1F2E044}.Debug|x64.ActiveCfg = Debug|x64
		{350C40BB-84DB-4372-9B16-D09FB1F2E044}.Debug|x64.Build.0 = Debug|x64
		{350C40BB-84DB-4372-9B16-D09FB1F2E044}.Debug|x86.ActiveCfg = Debug|Win32
		{350C40BB-84DB-4372-9B16-D09FB1F2E044}.Debug|x86.Build.0 = Debug|Win32
		{350C40BB-84DB-4372-9B16-D09FB1F2E044}.Release|x64.ActiveCfg = Release|x64
		{350C40BB-84DB-4372-9B16-D09FB1F2E044}.Release|x64.Build.0 = Release|x64
		{350C40BB-84DB-4372-9B16-D09FB1F2E044}.Release|x86.ActiveCfg = Release|Win32
		{350C40BB-84DB-4372-9B16-D09FB1F2E044}.Release|x86.Build.0 = Release|Win32
		{53AF4EF0-A5F4-4F57-AD9E-803C7B6040E1}.Debug|x64.ActiveCfg = Debug|x64
		{53AF4EF0-A5F4-4F57-AD9E-803C7B6040E1}.Debug|x64.Build.0 = Debug|x64
		{53AF4EF0-A5F4-4F57-AD9E-803C7B6040E1}.Debug|x86.ActiveCfg = Debug|Win32
		{53AF4EF0-A5F4-4F57-AD9E-803C7B6040E1}.Debug|x86.Build.0 = Debug|Win32
		{53AF4EF0-A5F4-4F57-AD9E-803C7B6040E1}.Release|x64.ActiveCfg = Release|x64
		{53AF4EF0-A5F4-4F57-AD9E-803C7B6040E1}.Release|x64.Build.0 = Release|x64
		{53AF4EF0-A5F4-4F57-AD9E-803C7B6040E1}.Release|x86.ActiveCfg = Release|Win32
		{53AF4EF0-A5F4-4F57-AD9E-803C7B6040E1}.Release|x86.Build.0 = Release|Win32
		{0CDC1A49-3278-4F89-BC09-B853E21B92DC}.Debug|x64.ActiveCfg = Debug|x64
		{0CDC1A49-3278-4F89-BC09-B853E21B92DC}.Debug|x64.Build.0 = Debug|x64
		{0CDC1A49-3278-4F89-BC09-B853E21B92DC}.Debug|x86.ActiveCfg = Debug|Win32
		{0CDC1A49-3278-4F89-BC09-B853E21B92DC}.Debug|x86.Build.0 = Debug|Win32
		{0CDC1A49-3278-4F89-BC09-B853E21B92DC}.Release|x64.ActiveCfg = Release|x64
		{0CDC1A49-3278-4F89-BC09-B853E21B92DC}.Release|x64.Build.0 = Release|x64
		{0CDC1A49-3278-4F89-BC09-B853E21B92DC}.Release|x86.ActiveCfg = Release|Win32
		{0CDC1A49-3278-4F89-BC09-B853E21B92DC}.Release|x86.Build.0 = Release|Win32
		{95A73183-6A63-41AD-9852-C96DA79214E7}.Debug|x64.ActiveCfg = Debug|x64
		{95A73183-6A63-41AD-9852-C96DA79214E7}.Debug|x64.Build.0 = Debug|x64
		{95A73183-6A63-41AD-9852-C96DA79214E7}.Debug|x86.ActiveCfg = Debug|Win32
		{95A73183-6A63-41AD-9852-C96DA79214E7}.Debug|x86.Build.0 = Debug|Win32
		{95A73183-6A63-41AD-9852-C96DA79214E7}.Release|x64.ActiveCfg = Release|x64
		{95A73183-6A63-41AD-9852-C96DA79214E7}.Release|x64.Build.0 = Release|x64
		{95A73183-6A63-41AD-9852-C96DA79214E7}.Release|x86.ActiveCfg = Release|Win32
		{95A73183-6A63-41AD-9852-C96DA79214E7}.Release|x86.Build.0 = Release|Win32
		{68211C88-6746-4049-815B-2A3068D883D7}.Debug|x64.ActiveCfg = Debug|x64
		{68211C88-6746-4049-815B-2A3068D883D7}.Debug|x64.Build.0 = Debug|x64
		{68211C88-6746-4049-815B-2A3068D883D7}.Debug|x86.ActiveCfg = Debug|Win32
		{68211C88-6746-4049-815B-2A3068D883D7}.Debug|x86.Build.0 = Debug|Win32
		{68211C88-6746-4049-815B-2A3068D883D7}.Release|x64.ActiveCfg = Release|x64
		{68211C88-6746-4049-815B-2A3068D883D7}.Release|x64.Build.0 = Release|x64
		{68211C88-6746-4049-815B-2A3068D883D7}.Release|x86.ActiveCfg = Release|Win32
		{68211C88-6746-4049-815B-2A3068D883D7}.Release|x86.Build.0 = Release|Win32
		{227BD3A9-FA41-4AFC-86C3-CDCACF47F470}.Debug|x64.ActiveCfg = Debug|x64
		{227BD3A9-FA41-4AFC-86C3-CDCACF47F470}.Debug|x64.Build.0 = Debug|x64
		{227BD3A9-FA41-4AFC-86C3-CDCACF47F470}.Debug|x86.ActiveCfg = Debug|Win32
		{227BD3A9-FA41-4AFC-86C3-CDCACF47F470}.Debug|x86.Build.0 = Debug|Win32
		{227BD3A9-FA41-4AFC-86C3-CDCACF47F470}.Release|x64.ActiveCfg = Release|x64
		{227BD3A9-FA41-4AFC-86C3-CDCACF47F470}.Release|x64.Build.0 = Release|x64
		{227BD3A9-FA41-4AFC-86C3-CDCACF47F470}.Release|x86.ActiveCfg = Release|Win32
		{227BD3A9-FA41-4AFC-86C3-CDCACF47F470}.Release|x86.Build.0 = Release|Win32
		{0FC9E692-32F3-4346-B4EA-79B9DFAEFC1B}.Debug|x64.ActiveCfg = Debug|x64
		{0FC9E692-32F3-4346-B4EA-79B9DFAEFC1B}.Debug|x64.Build.0 = Debug|x64
		{0FC9E692-32F3-4346-B4EA-79B9DFAEFC1B}.Debug|x86.ActiveCfg = Debug|Win32
		{0FC9E692-32F3-4346-B4EA-79B9DFAEFC1B}.Debug|x86.Build.0 = Debug|Win32
		{0FC9E692-32F3-4346-B4EA-79B9DFAEFC1B}.Release|x64.ActiveCfg = Release|x64
		{0FC9E692-32F3-4346-B4EA-79B9DFAEFC1B}.Release|x64.Build.0 = Release|x64
		{0FC9E692-32F3-4346-B4EA-79B9DFAEFC1B}.Release|x86.ActiveCfg = Release|Win32
		{0FC9E692-32F3-4346-B4EA-79B9DFAEFC1B}.Release|x86.Build.0 = Release|Win32
		{8CCF2597-9EED-4631-BA74-9622ADEDFCE8}.Debug|x64.ActiveCfg = Debug|x64
		{8CCF2597-9EED-4631-BA74-9622ADEDFCE8}.Debug|x64.Build.0 = Debug|x64
		{8CCF2597-9EED-4631-BA74-9622ADEDFCE8}.Debug|x86.ActiveCfg = Debug|Win32
		{8CCF2597-9EED-4631-BA74-9622ADEDFCE8}.Debug|x86.Build.0 = Debug|Win32
		{8CCF2597-9EED-4631-BA74-9622ADEDFCE8}.Release|x64.ActiveCfg = Release|x64
		{8CCF2597-9EED-4631-BA74-9622ADEDFCE8}.Release|x64.Build.0 = Release|x64
		{8CCF2597-9EED-4631-BA74-9622ADEDFCE8}.Release|x86.ActiveCfg = Release|Win32
		{8CCF2597-9EED-4631-BA74-9622ADEDFCE8}.Release|x86.Build.0 = Release|Win32
		{4849A711-1C5D-4E91-A4D5-9B49A39705DC}.Debug|x64.ActiveCfg = Debug|x64
		{4849A711-1C5D-4E91-A4D5-9B49A39705DC}.Debug|x64.Build.0 = Debug|x64
		{4849A711-1C5D-4E91-A4D5-9B49A39705DC}.Debug|x86.ActiveCfg = Debug|Win32
		{4849A711-1C5D-4E91-A4D5-9B49A39705DC}.Debug|x86.Build.0 = Debug|Win32
		{4849A711-1C5D-4E91-A4D5-9B49A39705DC}.Release|x64.ActiveCfg = Release|x64
		{4849A711-1C5D-4E91-A4D5-9B49A39705DC}.Release|x64.Build.0 = Release|x64
		{4849A711-1C5D-4E91-A4D5-9B49A39705DC}.Release|x86.ActiveCfg = Release|Win32
		{4849A711-1C5D-4E91-A4D5-9B49A39705DC}.Release|x86.Build.0 = Release|Win32
		{0D03E30E-8C49-425B-B9CE-A961B567157C}.Debug|x64.ActiveCfg = Debug|x64
		{0D03E30E-8C49-425B-B9CE-A961B567157C}.Debug|x64.Build.0 = Debug|x64
		{0D03E30E-8C49-425B-B9CE-A961B567157C}.Debug|x86.ActiveCfg = Debug|Win32
		{0D03E30E-8C49-425B-B9CE-A961B567157C}.Debug|x86.Build.0 = Debug|Win32
		{0D03E30E-8C49-425B-B9CE-A961B567157C}.Release|x64.ActiveCfg = Release|x64
		{0D03E30E-8C49-425B-B9CE-A961B567157C}.Release|x64.Build.0 = Release|x64
		{0D03E30E-8C49-425B-B9CE-A961B567157C}.Release|x86.ActiveCfg = Release|Win32
		{0D03E30E-8C49-425B-B9CE-A961B567157C}.Release|x86.Build.0 = Release|Win32
	EndGlobalSection
	GlobalSection(SolutionProperties) = preSolution
		HideSolutionNode = FALSE
	EndGlobalSection
	GlobalSection(ExtensibilityGlobals) = postSolution
		SolutionGuid = {72789934-6BAD-4785-AB94-7BD686DB0574}
	EndGlobalSection
EndGlobal
